
Microsoft Visual Studio Solution File, Format Version 12.00
# Visual Studio Version 17
VisualStudioVersion = 17.10.35013.160
MinimumVisualStudioVersion = 10.0.40219.1
Project("{9A19103F-16F7-4668-BE54-9A1E7A4F7556}") = "BusinessObjects", "BusinessObjects\BusinessObjects.csproj", "{3738294A-A85E-414F-B81E-A99755E69EC5}"
EndProject
Project("{9A19103F-16F7-4668-BE54-9A1E7A4F7556}") = "DataAccess", "DataAccess\DataAccess.csproj", "{F9D1B93A-45D2-4582-9EE0-5C75116E5E94}"
EndProject
Project("{9A19103F-16F7-4668-BE54-9A1E7A4F7556}") = "Services", "Repositories\Services.csproj", "{1E7F3FA2-822B-4930-8C89-938C085779D6}"
EndProject
Project("{9A19103F-16F7-4668-BE54-9A1E7A4F7556}") = "Web_API", "Web_API\Web_API.csproj", "{D521202C-BA8A-44E7-961B-C106B4B90209}"
EndProject
Project("{E53339B2-1760-4266-BCC7-CA923CBCF16C}") = "docker-compose", "docker-compose.dcproj", "{D51FC33C-2A4F-42B0-AEB0-F1BA79405463}"
EndProject
Global
	GlobalSection(SolutionConfigurationPlatforms) = preSolution
		Debug|Any CPU = Debug|Any CPU
		Release|Any CPU = Release|Any CPU
	EndGlobalSection
	GlobalSection(ProjectConfigurationPlatforms) = postSolution
		{3738294A-A85E-414F-B81E-A99755E69EC5}.Debug|Any CPU.ActiveCfg = Debug|Any CPU
		{3738294A-A85E-414F-B81E-A99755E69EC5}.Debug|Any CPU.Build.0 = Debug|Any CPU
		{3738294A-A85E-414F-B81E-A99755E69EC5}.Release|Any CPU.ActiveCfg = Release|Any CPU
		{3738294A-A85E-414F-B81E-A99755E69EC5}.Release|Any CPU.Build.0 = Release|Any CPU
		{F9D1B93A-45D2-4582-9EE0-5C75116E5E94}.Debug|Any CPU.ActiveCfg = Debug|Any CPU
		{F9D1B93A-45D2-4582-9EE0-5C75116E5E94}.Debug|Any CPU.Build.0 = Debug|Any CPU
		{F9D1B93A-45D2-4582-9EE0-5C75116E5E94}.Release|Any CPU.ActiveCfg = Release|Any CPU
		{F9D1B93A-45D2-4582-9EE0-5C75116E5E94}.Release|Any CPU.Build.0 = Release|Any CPU
		{1E7F3FA2-822B-4930-8C89-938C085779D6}.Debug|Any CPU.ActiveCfg = Debug|Any CPU
		{1E7F3FA2-822B-4930-8C89-938C085779D6}.Debug|Any CPU.Build.0 = Debug|Any CPU
		{1E7F3FA2-822B-4930-8C89-938C085779D6}.Release|Any CPU.ActiveCfg = Release|Any CPU
		{1E7F3FA2-822B-4930-8C89-938C085779D6}.Release|Any CPU.Build.0 = Release|Any CPU
		{D521202C-BA8A-44E7-961B-C106B4B90209}.Debug|Any CPU.ActiveCfg = Debug|Any CPU
		{D521202C-BA8A-44E7-961B-C106B4B90209}.Debug|Any CPU.Build.0 = Debug|Any CPU
		{D521202C-BA8A-44E7-961B-C106B4B90209}.Release|Any CPU.ActiveCfg = Release|Any CPU
		{D521202C-BA8A-44E7-961B-C106B4B90209}.Release|Any CPU.Build.0 = Release|Any CPU
		{D51FC33C-2A4F-42B0-AEB0-F1BA79405463}.Debug|Any CPU.ActiveCfg = Debug|Any CPU
		{D51FC33C-2A4F-42B0-AEB0-F1BA79405463}.Debug|Any CPU.Build.0 = Debug|Any CPU
		{D51FC33C-2A4F-42B0-AEB0-F1BA79405463}.Release|Any CPU.ActiveCfg = Release|Any CPU
		{D51FC33C-2A4F-42B0-AEB0-F1BA79405463}.Release|Any CPU.Build.0 = Release|Any CPU
	EndGlobalSection
	GlobalSection(SolutionProperties) = preSolution
		HideSolutionNode = FALSE
	EndGlobalSection
	GlobalSection(ExtensibilityGlobals) = postSolution
		SolutionGuid = {19E05B19-0540-4EDA-9CD8-86EF3F619706}
	EndGlobalSection
EndGlobal
